{
  "name": "icd-ai-saas",
  "version": "1.0.0",
  "lockfileVersion": 3,
  "requires": true,
  "packages": {
    "": {
      "name": "icd-ai-saas",
      "version": "1.0.0",
      "dependencies": {
        "better-sqlite3": "^11.8.1",
        "nodemailer": "^6.9.15",
        "raw-body": "^2.5.2",
        "stripe": "^17.5.0"
      }
    }
  }
}
